
Microsoft Visual Studio Solution File, Format Version 12.00
# Visual Studio 15
VisualStudioVersion = 15.0.27703.2042
MinimumVisualStudioVersion = 10.0.40219.1
Project("{9A19103F-16F7-4668-BE54-9A1E7A4F7556}") = "KeyGenerator.Prototypes", "KeyGenerator\KeyGenerator.Prototypes.csproj", "{E0CC4427-F898-4ACD-B960-C754490653A7}"
EndProject
Project("{9A19103F-16F7-4668-BE54-9A1E7A4F7556}") = "KeyGenerator.Site", "KeyGenerator.Site\KeyGenerator.Site.csproj", "{0555F1BE-3BC4-4739-86A2-A1312D9CCD57}"
EndProject
Project("{FAE04EC0-301F-11D3-BF4B-00C04F79EFBC}") = "KeyGenerator.Tests", "KeyGenerator.Tests\KeyGenerator.Tests.csproj", "{808EC33A-09AC-434F-890E-8430FA921CC0}"
EndProject
Project("{FAE04EC0-301F-11D3-BF4B-00C04F79EFBC}") = "KeyGenerator.Core", "KeyGenerator.Core\KeyGenerator.Core.csproj", "{E09D2AC0-CDF1-4B9C-8294-9F2742048C54}"
EndProject
Global
	GlobalSection(SolutionConfigurationPlatforms) = preSolution
		Debug|Any CPU = Debug|Any CPU
		Release|Any CPU = Release|Any CPU
	EndGlobalSection
	GlobalSection(ProjectConfigurationPlatforms) = postSolution
		{E0CC4427-F898-4ACD-B960-C754490653A7}.Debug|Any CPU.ActiveCfg = Debug|Any CPU
		{E0CC4427-F898-4ACD-B960-C754490653A7}.Debug|Any CPU.Build.0 = Debug|Any CPU
		{E0CC4427-F898-4ACD-B960-C754490653A7}.Release|Any CPU.ActiveCfg = Release|Any CPU
		{E0CC4427-F898-4ACD-B960-C754490653A7}.Release|Any CPU.Build.0 = Release|Any CPU
		{0555F1BE-3BC4-4739-86A2-A1312D9CCD57}.Debug|Any CPU.ActiveCfg = Debug|Any CPU
		{0555F1BE-3BC4-4739-86A2-A1312D9CCD57}.Debug|Any CPU.Build.0 = Debug|Any CPU
		{0555F1BE-3BC4-4739-86A2-A1312D9CCD57}.Release|Any CPU.ActiveCfg = Release|Any CPU
		{0555F1BE-3BC4-4739-86A2-A1312D9CCD57}.Release|Any CPU.Build.0 = Release|Any CPU
		{808EC33A-09AC-434F-890E-8430FA921CC0}.Debug|Any CPU.ActiveCfg = Debug|Any CPU
		{808EC33A-09AC-434F-890E-8430FA921CC0}.Debug|Any CPU.Build.0 = Debug|Any CPU
		{808EC33A-09AC-434F-890E-8430FA921CC0}.Release|Any CPU.ActiveCfg = Release|Any CPU
		{808EC33A-09AC-434F-890E-8430FA921CC0}.Release|Any CPU.Build.0 = Release|Any CPU
		{E09D2AC0-CDF1-4B9C-8294-9F2742048C54}.Debug|Any CPU.ActiveCfg = Debug|Any CPU
		{E09D2AC0-CDF1-4B9C-8294-9F2742048C54}.Debug|Any CPU.Build.0 = Debug|Any CPU
		{E09D2AC0-CDF1-4B9C-8294-9F2742048C54}.Release|Any CPU.ActiveCfg = Release|Any CPU
		{E09D2AC0-CDF1-4B9C-8294-9F2742048C54}.Release|Any CPU.Build.0 = Release|Any CPU
	EndGlobalSection
	GlobalSection(SolutionProperties) = preSolution
		HideSolutionNode = FALSE
	EndGlobalSection
	GlobalSection(ExtensibilityGlobals) = postSolution
		SolutionGuid = {DEBF847B-EE63-4227-9065-AA35E9F7C734}
	EndGlobalSection
EndGlobal
